Microsoft Visual Studio Solution File, Format Version 12.00
# Visual Studio Version 17
VisualStudioVersion = 17.5.2.0
MinimumVisualStudioVersion = 10.0.40219.1
Project("{FAE04EC0-301F-11D3-BF4B-00C04F79EFBC}") = "OriginRelicBox", "OriginRelicBox.csproj", "{40BDAA9E-1C51-DC9C-40A0-0E0942F00F34}"
EndProject
Global
	GlobalSection(SolutionConfigurationPlatforms) = preSolution
		Debug|Any CPU = Debug|Any CPU
		Release|Any CPU = Release|Any CPU
	EndGlobalSection
	GlobalSection(ProjectConfigurationPlatforms) = postSolution
		{40BDAA9E-1C51-DC9C-40A0-0E0942F00F34}.Debug|Any CPU.ActiveCfg = Debug|Any CPU
		{40BDAA9E-1C51-DC9C-40A0-0E0942F00F34}.Debug|Any CPU.Build.0 = Debug|Any CPU
		{40BDAA9E-1C51-DC9C-40A0-0E0942F00F34}.Release|Any CPU.ActiveCfg = Release|Any CPU
		{40BDAA9E-1C51-DC9C-40A0-0E0942F00F34}.Release|Any CPU.Build.0 = Release|Any CPU
	EndGlobalSection
	GlobalSection(SolutionProperties) = preSolution
		HideSolutionNode = FALSE
	EndGlobalSection
	GlobalSection(ExtensibilityGlobals) = postSolution
		SolutionGuid = {28504EFF-897E-42FE-A55B-1BCE95B74377}
	EndGlobalSection
EndGlobal
